// !$*UTF8*$!
{
	archiveVersion = 1;
	classes = {
	};
	objectVersion = 46;
	objects = {

/* Begin PBXBuildFile section */
		363A4C8F1ED53B70009BC746 /* main.c in Sources */ = {isa = PBXBuildFile; fileRef = 363A4C8E1ED53B70009BC746 /* main.c */; };
/* End PBXBuildFile section */

/* Begin PBXCopyFilesBuildPhase section */
		363A4C891ED53B70009BC746 /* CopyFiles */ = {
			isa = PBXCopyFilesBuildPhase;
			buildActionMask = 2147483647;
			dstPath = /usr/share/man/man1/;
			dstSubfolderSpec = 0;
			files = (
			);
			runOnlyForDeploymentPostprocessing = 1;
		};
/* End PBXCopyFilesBuildPhase section */

/* Begin PBXFileReference section */
		363A4C8B1ED53B70009BC746 /* KimOnlyHappy */ = {isa = PBXFileReference; explicitFileType = "compiled.mach-o.executable"; includeInIndex = 0; path = KimOnlyHappy; sourceTree = BUILT_PRODUCTS_DIR; };
		363A4C8E1ED53B70009BC746 /* main.c */ = {isa = PBXFileReference; lastKnownFileType = sourcecode.c.c; path = main.c; sourceTree = "<group>"; };
/* End PBXFileReference section */

/* Begin PBXFrameworksBuildPhase section */
		363A4C881ED53B70009BC746 /* Frameworks */ = {
			isa = PBXFrameworksBuildPhase;
			buildActionMask = 2147483647;
			files = (
			);
			runOnlyForDeploymentPostprocessing = 0;
		};
/* End PBXFrameworksBuildPhase section */

/* Begin PBXGroup section */
		363A4C821ED53B70009BC746 = {
			isa = PBXGroup;
			children = (
				363A4C8D1ED53B70009BC746 /* KimOnlyHappy */,
				363A4C8C1ED53B70009BC746 /* Products */,
			);
			sourceTree = "<group>";
		};
		363A4C8C1ED53B70009BC746 /* Products */ = {
			isa = PBXGroup;
			children = (
				363A4C8B1ED53B70009BC746 /* KimOnlyHappy */,
			);
			name = Products;
			sourceTree = "<group>";
		};
		363A4C8D1ED53B70009BC746 /* KimOnlyHappy */ = {
			isa = PBXGroup;
			children = (
				363A4C8E1ED53B70009BC746 /* main.c */,
			);
			path = KimOnlyHappy;
			sourceTree = "<group>";
		};
/* End PBXGroup section */

/* Begin PBXNativeTarget section */
		363A4C8A1ED53B70009BC746 /* KimOnlyHappy */ = {
			isa = PBXNativeTarget;
			buildConfigurationList = 363A4C921ED53B70009BC746 /* Build configuration list for PBXNativeTarget "KimOnlyHappy" */;
			buildPhases = (
				363A4C871ED53B70009BC746 /* Sources */,
				363A4C881ED53B70009BC746 /* Frameworks */,
				363A4C891ED53B70009BC746 /* CopyFiles */,
			);
			buildRules = (
			);
			dependencies = (
			);
			name = KimOnlyHappy;
			productName = KimOnlyHappy;
			productReference = 363A4C8B1ED53B70009BC746 /* KimOnlyHappy */;
			productType = "com.apple.product-type.tool";
		};
/* End PBXNativeTarget section */

/* Begin PBXProject section */
		363A4C831ED53B70009BC746 /* Project object */ = {
			isa = PBXProject;
			attributes = {
				LastUpgradeCheck = 0830;
				ORGANIZATIONNAME = "Seoyeong Heo";
				TargetAttributes = {
					363A4C8A1ED53B70009BC746 = {
						CreatedOnToolsVersion = 8.3.2;
						DevelopmentTeam = 2H63TGHS2A;
						ProvisioningStyle = Automatic;
					};
				};
			};
			buildConfigurationList = 363A4C861ED53B70009BC746 /* Build configuration list for PBXProject "KimOnlyHappy" */;
			compatibilityVersion = "Xcode 3.2";
			developmentRegion = English;
			hasScannedForEncodings = 0;
			knownRegions = (
				en,
			);
			mainGroup = 363A4C821ED53B70009BC746;
			productRefGroup = 363A4C8C1ED53B70009BC746 /* Products */;
			projectDirPath = "";
			projectRoot = "";
			targets = (
				363A4C8A1ED53B70009BC746 /* KimOnlyHappy */,
			);
		};
/* End PBXProject section */

/* Begin PBXSourcesBuildPhase section */
		363A4C871ED53B70009BC746 /* Sources */ = {
			isa = PBXSourcesBuildPhase;
			buildActionMask = 2147483647;
			files = (
				363A4C8F1ED53B70009BC746 /* main.c in Sources */,
			);
			runOnlyForDeploymentPostprocessing = 0;
		};
/* End PBXSourcesBuildPhase section */

/* Begin XCBuildConfiguration section */
		363A4C901ED53B70009BC746 /* Debug */ = {
			isa = XCBuildConfiguration;
			buildSettings = {
				ALWAYS_SEARCH_USER_PATHS = NO;
				CLANG_ANALYZER_NONNULL = YES;
				CLANG_ANALYZER_NUMBER_OBJECT_CONVERSION = YES_AGGRESSIVE;
				CLANG_CXX_LANGUAGE_STANDARD = "gnu++0x";
				CLANG_CXX_LIBRARY = "libc++";
				CLANG_ENABLE_MODULES = YES;
				CLANG_ENABLE_OBJC_ARC = YES;
				CLANG_WARN_BOOL_CONVERSION = YES;
				CLANG_WARN_CONSTANT_CONVERSION = YES;
				CLANG_WARN_DIRECT_OBJC_ISA_USAGE = YES_ERROR;
				CLANG_WARN_DOCUMENTATION_COMMENTS = YES;
				CLANG_WARN_EMPTY_BODY = YES;
				CLANG_WARN_ENUM_CONVERSION = YES;
				CLANG_WARN_INFINITE_RECURSION = YES;
				CLANG_WARN_INT_CONVERSION = YES;
				CLANG_WARN_OBJC_ROOT_CLASS = YES_ERROR;
				CLANG_WARN_SUSPICIOUS_MOVE = YES;
				CLANG_WARN_UNREACHABLE_CODE = YES;
				CLANG_WARN__DUPLICATE_METHOD_MATCH = YES;
				CODE_SIGN_IDENTITY = "-";
				COPY_PHASE_STRIP = NO;
				DEBUG_INFORMATION_FORMAT = dwarf;
				ENABLE_STRICT_OBJC_MSGSEND = YES;
				ENABLE_TESTABILITY = YES;
				GCC_C_LANGUAGE_STANDARD = gnu99;
				GCC_DYNAMIC_NO_PIC = NO;
				GCC_NO_COMMON_BLOCKS = YES;
				GCC_OPTIMIZATION_LEVEL = 0;
				GCC_PREPROCESSOR_DEFINITIONS = (
					"DEBUG=1",
					"$(inherited)",
				);
				GCC_WARN_64_TO_32_BIT_CONVERSION = YES;
				GCC_WARN_ABOUT_RETURN_TYPE = YES_ERROR;
				GCC_WARN_UNDECLARED_SELECTOR = YES;
				GCC_WARN_UNINITIALIZED_AUTOS = YES_AGGRESSIVE;
				GCC_WARN_UNUSED_FUNCTION = YES;
				GCC_WARN_UNUSED_VARIABLE = YES;
				MACOSX_DEPLOYMENT_TARGET = 10.12;
				MTL_ENABLE_DEBUG_INFO = YES;
				ONLY_ACTIVE_ARCH = YES;
				SDKROOT = macosx;
			};
			name = Debug;
		};
		363A4C911ED53B70009BC746 /* Release */ = {
			isa = XCBuildConfiguration;
			buildSettings = {
				ALWAYS_SEARCH_USER_PATHS = NO;
				CLANG_ANALYZER_NONNULL = YES;
				CLANG_ANALYZER_NUMBER_OBJECT_CONVERSION = YES_AGGRESSIVE;
				CLANG_CXX_LANGUAGE_STANDARD = "gnu++0x";
				CLANG_CXX_LIBRARY = "libc++";
				CLANG_ENABLE_MODULES = YES;
				CLANG_ENABLE_OBJC_ARC = YES;
				CLANG_WARN_BOOL_CONVERSION = YES;
				CLANG_WARN_CONSTANT_CONVERSION = YES;
				CLANG_WARN_DIRECT_OBJC_ISA_USAGE = YES_ERROR;
				CLANG_WARN_DOCUMENTATION_COMMENTS = YES;
				CLANG_WARN_EMPTY_BODY = YES;
				CLANG_WARN_ENUM_CONVERSION = YES;
				CLANG_WARN_INFINITE_RECURSION = YES;
				CLANG_WARN_INT_CONVERSION = YES;
				CLANG_WARN_OBJC_ROOT_CLASS = YES_ERROR;
				CLANG_WARN_SUSPICIOUS_MOVE = YES;
				CLANG_WARN_UNREACHABLE_CODE = YES;
				CLANG_WARN__DUPLICATE_METHOD_MATCH = YES;
				CODE_SIGN_IDENTITY = "-";
				COPY_PHASE_STRIP = NO;
				DEBUG_INFORMATION_FORMAT = "dwarf-with-dsym";
				ENABLE_NS_ASSERTIONS = NO;
				ENABLE_STRICT_OBJC_MSGSEND = YES;
				GCC_C_LANGUAGE_STANDARD = gnu99;
				GCC_NO_COMMON_BLOCKS = YES;
				GCC_WARN_64_TO_32_BIT_CONVERSION = YES;
				GCC_WARN_ABOUT_RETURN_TYPE = YES_ERROR;
				GCC_WARN_UNDECLARED_SELECTOR = YES;
				GCC_WARN_UNINITIALIZED_AUTOS = YES_AGGRESSIVE;
				GCC_WARN_UNUSED_FUNCTION = YES;
				GCC_WARN_UNUSED_VARIABLE = YES;
				MACOSX_DEPLOYMENT_TARGET = 10.12;
				MTL_ENABLE_DEBUG_INFO = NO;
				SDKROOT = macosx;
			};
			name = Release;
		};
		363A4C931ED53B70009BC746 /* Debug */ = {
			isa = XCBuildConfiguration;
			buildSettings = {
				DEVELOPMENT_TEAM = 2H63TGHS2A;
				PRODUCT_NAME = "$(TARGET_NAME)";
			};
			name = Debug;
		};
		363A4C941ED53B70009BC746 /* Release */ = {
			isa = XCBuildConfiguration;
			buildSettings = {
				DEVELOPMENT_TEAM = 2H63TGHS2A;
				PRODUCT_NAME = "$(TARGET_NAME)";
			};
			name = Release;
		};
/* End XCBuildConfiguration section */

/* Begin XCConfigurationList section */
		363A4C861ED53B70009BC746 /* Build configuration list for PBXProject "KimOnlyHappy" */ = {
			isa = XCConfigurationList;
			buildConfigurations = (
				363A4C901ED53B70009BC746 /* Debug */,
				363A4C911ED53B70009BC746 /* Release */,
			);
			defaultConfigurationIsVisible = 0;
			defaultConfigurationName = Release;
		};
		363A4C921ED53B70009BC746 /* Build configuration list for PBXNativeTarget "KimOnlyHappy" */ = {
			isa = XCConfigurationList;
			buildConfigurations = (
				363A4C931ED53B70009BC746 /* Debug */,
				363A4C941ED53B70009BC746 /* Release */,
			);
			defaultConfigurationIsVisible = 0;
		};
/* End XCConfigurationList section */
	};
	rootObject = 363A4C831ED53B70009BC746 /* Project object */;
}
